// !$*UTF8*$!
{
	archiveVersion = 1;
	classes = {
	};
	objectVersion = 46;
	objects = {

/* Begin PBXBuildFile section */
		4249F0781A008956003D5785 /* NSString+MD5.m in Sources */ = {isa = PBXBuildFile; fileRef = 4249F0771A008956003D5785 /* NSString+MD5.m */; };
		42E0D5EE19FD373E00B4F47F /* Bolts.framework in Frameworks */ = {isa = PBXBuildFile; fileRef = 42E0D5EB19FD373E00B4F47F /* Bolts.framework */; };
		42E0D5EF19FD373E00B4F47F /* Parse.framework in Frameworks */ = {isa = PBXBuildFile; fileRef = 42E0D5EC19FD373E00B4F47F /* Parse.framework */; };
		42E0D5F019FD373E00B4F47F /* ParseFacebookUtils.framework in Frameworks */ = {isa = PBXBuildFile; fileRef = 42E0D5ED19FD373E00B4F47F /* ParseFacebookUtils.framework */; };
		42E0D5F119FD37DB00B4F47F /* CoreLocation.framework in Frameworks */ = {isa = PBXBuildFile; fileRef = 42FDE35319FC578F006A4FA2 /* CoreLocation.framework */; };
		42E0D5F319FD384300B4F47F /* AudioToolbox.framework in Frameworks */ = {isa = PBXBuildFile; fileRef = 42E0D5F219FD384300B4F47F /* AudioToolbox.framework */; };
		42E0D5F519FD384E00B4F47F /* CFNetwork.framework in Frameworks */ = {isa = PBXBuildFile; fileRef = 42E0D5F419FD384E00B4F47F /* CFNetwork.framework */; };
		42E0D5F719FD385800B4F47F /* CoreGraphics.framework in Frameworks */ = {isa = PBXBuildFile; fileRef = 42E0D5F619FD385800B4F47F /* CoreGraphics.framework */; };
		42E0D5F919FD386B00B4F47F /* libz.dylib in Frameworks */ = {isa = PBXBuildFile; fileRef = 42E0D5F819FD386B00B4F47F /* libz.dylib */; };
		42E0D5FB19FD387900B4F47F /* MobileCoreServices.framework in Frameworks */ = {isa = PBXBuildFile; fileRef = 42E0D5FA19FD387900B4F47F /* MobileCoreServices.framework */; };
		42E0D5FD19FD388100B4F47F /* QuartzCore.framework in Frameworks */ = {isa = PBXBuildFile; fileRef = 42E0D5FC19FD388100B4F47F /* QuartzCore.framework */; };
		42E0D60319FD389F00B4F47F /* SystemConfiguration.framework in Frameworks */ = {isa = PBXBuildFile; fileRef = 42E0D60219FD389F00B4F47F /* SystemConfiguration.framework */; };
		42FA35601A00412E00909D33 /* Security.framework in Frameworks */ = {isa = PBXBuildFile; fileRef = 42E0D5FE19FD388D00B4F47F /* Security.framework */; };
		42FDE33019FC5779006A4FA2 /* main.m in Sources */ = {isa = PBXBuildFile; fileRef = 42FDE32F19FC5779006A4FA2 /* main.m */; };
		42FDE33319FC5779006A4FA2 /* AppDelegate.m in Sources */ = {isa = PBXBuildFile; fileRef = 42FDE33219FC5779006A4FA2 /* AppDelegate.m */; };
		42FDE33619FC5779006A4FA2 /* ViewController.m in Sources */ = {isa = PBXBuildFile; fileRef = 42FDE33519FC5779006A4FA2 /* ViewController.m */; };
		42FDE33919FC5779006A4FA2 /* Main.storyboard in Resources */ = {isa = PBXBuildFile; fileRef = 42FDE33719FC5779006A4FA2 /* Main.storyboard */; };
		42FDE33B19FC5779006A4FA2 /* Images.xcassets in Resources */ = {isa = PBXBuildFile; fileRef = 42FDE33A19FC5779006A4FA2 /* Images.xcassets */; };
		42FDE33E19FC5779006A4FA2 /* LaunchScreen.xib in Resources */ = {isa = PBXBuildFile; fileRef = 42FDE33C19FC5779006A4FA2 /* LaunchScreen.xib */; };
		42FDE34A19FC5779006A4FA2 /* GPSTrackerTests.m in Sources */ = {isa = PBXBuildFile; fileRef = 42FDE34919FC5779006A4FA2 /* GPSTrackerTests.m */; };
/* End PBXBuildFile section */

/* Begin PBXContainerItemProxy section */
		42FDE34419FC5779006A4FA2 /* PBXContainerItemProxy */ = {
			isa = PBXContainerItemProxy;
			containerPortal = 42FDE32219FC5779006A4FA2 /* Project object */;
			proxyType = 1;
			remoteGlobalIDString = 42FDE32919FC5779006A4FA2;
			remoteInfo = GPSTracker;
		};
/* End PBXContainerItemProxy section */

/* Begin PBXFileReference section */
		4249F0761A008956003D5785 /* NSString+MD5.h */ = {isa = PBXFileReference; fileEncoding = 4; lastKnownFileType = sourcecode.c.h; name = "NSString+MD5.h"; path = "../NSString+MD5.h"; sourceTree = "<group>"; };
		4249F0771A008956003D5785 /* NSString+MD5.m */ = {isa = PBXFileReference; fileEncoding = 4; lastKnownFileType = sourcecode.c.objc; name = "NSString+MD5.m"; path = "../NSString+MD5.m"; sourceTree = "<group>"; };
		42E0D5EB19FD373E00B4F47F /* Bolts.framework */ = {isa = PBXFileReference; lastKnownFileType = wrapper.framework; path = Bolts.framework; sourceTree = "<group>"; };
		42E0D5EC19FD373E00B4F47F /* Parse.framework */ = {isa = PBXFileReference; lastKnownFileType = wrapper.framework; path = Parse.framework; sourceTree = "<group>"; };
		42E0D5ED19FD373E00B4F47F /* ParseFacebookUtils.framework */ = {isa = PBXFileReference; lastKnownFileType = wrapper.framework; path = ParseFacebookUtils.framework; sourceTree = "<group>"; };
		42E0D5F219FD384300B4F47F /* AudioToolbox.framework */ = {isa = PBXFileReference; lastKnownFileType = wrapper.framework; name = AudioToolbox.framework; path = System/Library/Frameworks/AudioToolbox.framework; sourceTree = SDKROOT; };
		42E0D5F419FD384E00B4F47F /* CFNetwork.framework */ = {isa = PBXFileReference; lastKnownFileType = wrapper.framework; name = CFNetwork.framework; path = System/Library/Frameworks/CFNetwork.framework; sourceTree = SDKROOT; };
		42E0D5F619FD385800B4F47F /* CoreGraphics.framework */ = {isa = PBXFileReference; lastKnownFileType = wrapper.framework; name = CoreGraphics.framework; path = System/Library/Frameworks/CoreGraphics.framework; sourceTree = SDKROOT; };
		42E0D5F819FD386B00B4F47F /* libz.dylib */ = {isa = PBXFileReference; lastKnownFileType = "compiled.mach-o.dylib"; name = libz.dylib; path = usr/lib/libz.dylib; sourceTree = SDKROOT; };
		42E0D5FA19FD387900B4F47F /* MobileCoreServices.framework */ = {isa = PBXFileReference; lastKnownFileType = wrapper.framework; name = MobileCoreServices.framework; path = System/Library/Frameworks/MobileCoreServices.framework; sourceTree = SDKROOT; };
		42E0D5FC19FD388100B4F47F /* QuartzCore.framework */ = {isa = PBXFileReference; lastKnownFileType = wrapper.framework; name = QuartzCore.framework; path = System/Library/Frameworks/QuartzCore.framework; sourceTree = SDKROOT; };
		42E0D5FE19FD388D00B4F47F /* Security.framework */ = {isa = PBXFileReference; lastKnownFileType = wrapper.framework; name = Security.framework; path = System/Library/Frameworks/Security.framework; sourceTree = SDKROOT; };
		42E0D60219FD389F00B4F47F /* SystemConfiguration.framework */ = {isa = PBXFileReference; lastKnownFileType = wrapper.framework; name = SystemConfiguration.framework; path = System/Library/Frameworks/SystemConfiguration.framework; sourceTree = SDKROOT; };
		42FDE32A19FC5779006A4FA2 /* GPSTracker.app */ = {isa = PBXFileReference; explicitFileType = wrapper.application; includeInIndex = 0; path = GPSTracker.app; sourceTree = BUILT_PRODUCTS_DIR; };
		42FDE32E19FC5779006A4FA2 /* Info.plist */ = {isa = PBXFileReference; lastKnownFileType = text.plist.xml; path = Info.plist; sourceTree = "<group>"; };
		42FDE32F19FC5779006A4FA2 /* main.m */ = {isa = PBXFileReference; lastKnownFileType = sourcecode.c.objc; path = main.m; sourceTree = "<group>"; };
		42FDE33119FC5779006A4FA2 /* AppDelegate.h */ = {isa = PBXFileReference; lastKnownFileType = sourcecode.c.h; path = AppDelegate.h; sourceTree = "<group>"; };
		42FDE33219FC5779006A4FA2 /* AppDelegate.m */ = {isa = PBXFileReference; lastKnownFileType = sourcecode.c.objc; path = AppDelegate.m; sourceTree = "<group>"; };
		42FDE33419FC5779006A4FA2 /* ViewController.h */ = {isa = PBXFileReference; lastKnownFileType = sourcecode.c.h; path = ViewController.h; sourceTree = "<group>"; };
		42FDE33519FC5779006A4FA2 /* ViewController.m */ = {isa = PBXFileReference; lastKnownFileType = sourcecode.c.objc; path = ViewController.m; sourceTree = "<group>"; };
		42FDE33819FC5779006A4FA2 /* Base */ = {isa = PBXFileReference; lastKnownFileType = file.storyboard; name = Base; path = Base.lproj/Main.storyboard; sourceTree = "<group>"; };
		42FDE33A19FC5779006A4FA2 /* Images.xcassets */ = {isa = PBXFileReference; lastKnownFileType = folder.assetcatalog; path = Images.xcassets; sourceTree = "<group>"; };
		42FDE33D19FC5779006A4FA2 /* Base */ = {isa = PBXFileReference; lastKnownFileType = file.xib; name = Base; path = Base.lproj/LaunchScreen.xib; sourceTree = "<group>"; };
		42FDE34319FC5779006A4FA2 /* GPSTrackerTests.xctest */ = {isa = PBXFileReference; explicitFileType = wrapper.cfbundle; includeInIndex = 0; path = GPSTrackerTests.xctest; sourceTree = BUILT_PRODUCTS_DIR; };
		42FDE34819FC5779006A4FA2 /* Info.plist */ = {isa = PBXFileReference; lastKnownFileType = text.plist.xml; path = Info.plist; sourceTree = "<group>"; };
		42FDE34919FC5779006A4FA2 /* GPSTrackerTests.m */ = {isa = PBXFileReference; lastKnownFileType = sourcecode.c.objc; path = GPSTrackerTests.m; sourceTree = "<group>"; };
		42FDE35319FC578F006A4FA2 /* CoreLocation.framework */ = {isa = PBXFileReference; lastKnownFileType = wrapper.framework; name = CoreLocation.framework; path = System/Library/Frameworks/CoreLocation.framework; sourceTree = SDKROOT; };
/* End PBXFileReference section */

/* Begin PBXFrameworksBuildPhase section */
		42FDE32719FC5779006A4FA2 /* Frameworks */ = {
			isa = PBXFrameworksBuildPhase;
			buildActionMask = 2147483647;
			files = (
				42FA35601A00412E00909D33 /* Security.framework in Frameworks */,
				42E0D60319FD389F00B4F47F /* SystemConfiguration.framework in Frameworks */,
				42E0D5FD19FD388100B4F47F /* QuartzCore.framework in Frameworks */,
				42E0D5FB19FD387900B4F47F /* MobileCoreServices.framework in Frameworks */,
				42E0D5F919FD386B00B4F47F /* libz.dylib in Frameworks */,
				42E0D5F119FD37DB00B4F47F /* CoreLocation.framework in Frameworks */,
				42E0D5F719FD385800B4F47F /* CoreGraphics.framework in Frameworks */,
				42E0D5F519FD384E00B4F47F /* CFNetwork.framework in Frameworks */,
				42E0D5F319FD384300B4F47F /* AudioToolbox.framework in Frameworks */,
				42E0D5F019FD373E00B4F47F /* ParseFacebookUtils.framework in Frameworks */,
				42E0D5EE19FD373E00B4F47F /* Bolts.framework in Frameworks */,
				42E0D5EF19FD373E00B4F47F /* Parse.framework in Frameworks */,
			);
			runOnlyForDeploymentPostprocessing = 0;
		};
		42FDE34019FC5779006A4FA2 /* Frameworks */ = {
			isa = PBXFrameworksBuildPhase;
			buildActionMask = 2147483647;
			files = (
			);
			runOnlyForDeploymentPostprocessing = 0;
		};
/* End PBXFrameworksBuildPhase section */

/* Begin PBXGroup section */
		42E0D5EA19FD371000B4F47F /* Frameworks */ = {
			isa = PBXGroup;
			children = (
				42E0D60219FD389F00B4F47F /* SystemConfiguration.framework */,
				42E0D5FE19FD388D00B4F47F /* Security.framework */,
				42E0D5FC19FD388100B4F47F /* QuartzCore.framework */,
				42E0D5FA19FD387900B4F47F /* MobileCoreServices.framework */,
				42E0D5F819FD386B00B4F47F /* libz.dylib */,
				42E0D5F619FD385800B4F47F /* CoreGraphics.framework */,
				42E0D5F419FD384E00B4F47F /* CFNetwork.framework */,
				42E0D5F219FD384300B4F47F /* AudioToolbox.framework */,
				42E0D5EB19FD373E00B4F47F /* Bolts.framework */,
				42E0D5EC19FD373E00B4F47F /* Parse.framework */,
				42E0D5ED19FD373E00B4F47F /* ParseFacebookUtils.framework */,
				42FDE35319FC578F006A4FA2 /* CoreLocation.framework */,
			);
			name = Frameworks;
			sourceTree = "<group>";
		};
		42FDE32119FC5779006A4FA2 = {
			isa = PBXGroup;
			children = (
				42E0D5EA19FD371000B4F47F /* Frameworks */,
				42FDE32C19FC5779006A4FA2 /* GPSTracker */,
				42FDE34619FC5779006A4FA2 /* GPSTrackerTests */,
				42FDE32B19FC5779006A4FA2 /* Products */,
			);
			sourceTree = "<group>";
		};
		42FDE32B19FC5779006A4FA2 /* Products */ = {
			isa = PBXGroup;
			children = (
				42FDE32A19FC5779006A4FA2 /* GPSTracker.app */,
				42FDE34319FC5779006A4FA2 /* GPSTrackerTests.xctest */,
			);
			name = Products;
			sourceTree = "<group>";
		};
		42FDE32C19FC5779006A4FA2 /* GPSTracker */ = {
			isa = PBXGroup;
			children = (
				4249F0761A008956003D5785 /* NSString+MD5.h */,
				4249F0771A008956003D5785 /* NSString+MD5.m */,
				42FDE33119FC5779006A4FA2 /* AppDelegate.h */,
				42FDE33219FC5779006A4FA2 /* AppDelegate.m */,
				42FDE33419FC5779006A4FA2 /* ViewController.h */,
				42FDE33519FC5779006A4FA2 /* ViewController.m */,
				42FDE33719FC5779006A4FA2 /* Main.storyboard */,
				42FDE33A19FC5779006A4FA2 /* Images.xcassets */,
				42FDE33C19FC5779006A4FA2 /* LaunchScreen.xib */,
				42FDE32D19FC5779006A4FA2 /* Supporting Files */,
			);
			path = GPSTracker;
			sourceTree = "<group>";
		};
		42FDE32D19FC5779006A4FA2 /* Supporting Files */ = {
			isa = PBXGroup;
			children = (
				42FDE32E19FC5779006A4FA2 /* Info.plist */,
				42FDE32F19FC5779006A4FA2 /* main.m */,
			);
			name = "Supporting Files";
			sourceTree = "<group>";
		};
		42FDE34619FC5779006A4FA2 /* GPSTrackerTests */ = {
			isa = PBXGroup;
			children = (
				42FDE34919FC5779006A4FA2 /* GPSTrackerTests.m */,
				42FDE34719FC5779006A4FA2 /* Supporting Files */,
			);
			path = GPSTrackerTests;
			sourceTree = "<group>";
		};
		42FDE34719FC5779006A4FA2 /* Supporting Files */ = {
			isa = PBXGroup;
			children = (
				42FDE34819FC5779006A4FA2 /* Info.plist */,
			);
			name = "Supporting Files";
			sourceTree = "<group>";
		};
/* End PBXGroup section */

/* Begin PBXNativeTarget section */
		42FDE32919FC5779006A4FA2 /* GPSTracker */ = {
			isa = PBXNativeTarget;
			buildConfigurationList = 42FDE34D19FC5779006A4FA2 /* Build configuration list for PBXNativeTarget "GPSTracker" */;
			buildPhases = (
				42FDE32619FC5779006A4FA2 /* Sources */,
				42FDE32719FC5779006A4FA2 /* Frameworks */,
				42FDE32819FC5779006A4FA2 /* Resources */,
			);
			buildRules = (
			);
			dependencies = (
			);
			name = GPSTracker;
			productName = GPSTracker;
			productReference = 42FDE32A19FC5779006A4FA2 /* GPSTracker.app */;
			productType = "com.apple.product-type.application";
		};
		42FDE34219FC5779006A4FA2 /* GPSTrackerTests */ = {
			isa = PBXNativeTarget;
			buildConfigurationList = 42FDE35019FC5779006A4FA2 /* Build configuration list for PBXNativeTarget "GPSTrackerTests" */;
			buildPhases = (
				42FDE33F19FC5779006A4FA2 /* Sources */,
				42FDE34019FC5779006A4FA2 /* Frameworks */,
				42FDE34119FC5779006A4FA2 /* Resources */,
			);
			buildRules = (
			);
			dependencies = (
				42FDE34519FC5779006A4FA2 /* PBXTargetDependency */,
			);
			name = GPSTrackerTests;
			productName = GPSTrackerTests;
			productReference = 42FDE34319FC5779006A4FA2 /* GPSTrackerTests.xctest */;
			productType = "com.apple.product-type.bundle.unit-test";
		};
/* End PBXNativeTarget section */

/* Begin PBXProject section */
		42FDE32219FC5779006A4FA2 /* Project object */ = {
			isa = PBXProject;
			attributes = {
				LastUpgradeCheck = 0600;
				ORGANIZATIONNAME = "Chris Wong";
				TargetAttributes = {
					42FDE32919FC5779006A4FA2 = {
						CreatedOnToolsVersion = 6.0.1;
						DevelopmentTeam = S76QKZXQ85;
						SystemCapabilities = {
							com.apple.BackgroundModes = {
								enabled = 1;
							};
							com.apple.InAppPurchase = {
								enabled = 0;
							};
						};
					};
					42FDE34219FC5779006A4FA2 = {
						CreatedOnToolsVersion = 6.0.1;
						TestTargetID = 42FDE32919FC5779006A4FA2;
					};
				};
			};
			buildConfigurationList = 42FDE32519FC5779006A4FA2 /* Build configuration list for PBXProject "GPSTracker" */;
			compatibilityVersion = "Xcode 3.2";
			developmentRegion = English;
			hasScannedForEncodings = 0;
			knownRegions = (
				en,
				Base,
			);
			mainGroup = 42FDE32119FC5779006A4FA2;
			productRefGroup = 42FDE32B19FC5779006A4FA2 /* Products */;
			projectDirPath = "";
			projectRoot = "";
			targets = (
				42FDE32919FC5779006A4FA2 /* GPSTracker */,
				42FDE34219FC5779006A4FA2 /* GPSTrackerTests */,
			);
		};
/* End PBXProject section */

/* Begin PBXResourcesBuildPhase section */
		42FDE32819FC5779006A4FA2 /* Resources */ = {
			isa = PBXResourcesBuildPhase;
			buildActionMask = 2147483647;
			files = (
				42FDE33919FC5779006A4FA2 /* Main.storyboard in Resources */,
				42FDE33E19FC5779006A4FA2 /* LaunchScreen.xib in Resources */,
				42FDE33B19FC5779006A4FA2 /* Images.xcassets in Resources */,
			);
			runOnlyForDeploymentPostprocessing = 0;
		};
		42FDE34119FC5779006A4FA2 /* Resources */ = {
			isa = PBXResourcesBuildPhase;
			buildActionMask = 2147483647;
			files = (
			);
			runOnlyForDeploymentPostprocessing = 0;
		};
/* End PBXResourcesBuildPhase section */

/* Begin PBXSourcesBuildPhase section */
		42FDE32619FC5779006A4FA2 /* Sources */ = {
			isa = PBXSourcesBuildPhase;
			buildActionMask = 2147483647;
			files = (
				42FDE33619FC5779006A4FA2 /* ViewController.m in Sources */,
				42FDE33319FC5779006A4FA2 /* AppDelegate.m in Sources */,
				4249F0781A008956003D5785 /* NSString+MD5.m in Sources */,
				42FDE33019FC5779006A4FA2 /* main.m in Sources */,
			);
			runOnlyForDeploymentPostprocessing = 0;
		};
		42FDE33F19FC5779006A4FA2 /* Sources */ = {
			isa = PBXSourcesBuildPhase;
			buildActionMask = 2147483647;
			files = (
				42FDE34A19FC5779006A4FA2 /* GPSTrackerTests.m in Sources */,
			);
			runOnlyForDeploymentPostprocessing = 0;
		};
/* End PBXSourcesBuildPhase section */

/* Begin PBXTargetDependency section */
		42FDE34519FC5779006A4FA2 /* PBXTargetDependency */ = {
			isa = PBXTargetDependency;
			target = 42FDE32919FC5779006A4FA2 /* GPSTracker */;
			targetProxy = 42FDE34419FC5779006A4FA2 /* PBXContainerItemProxy */;
		};
/* End PBXTargetDependency section */

/* Begin PBXVariantGroup section */
		42FDE33719FC5779006A4FA2 /* Main.storyboard */ = {
			isa = PBXVariantGroup;
			children = (
				42FDE33819FC5779006A4FA2 /* Base */,
			);
			name = Main.storyboard;
			sourceTree = "<group>";
		};
		42FDE33C19FC5779006A4FA2 /* LaunchScreen.xib */ = {
			isa = PBXVariantGroup;
			children = (
				42FDE33D19FC5779006A4FA2 /* Base */,
			);
			name = LaunchScreen.xib;
			sourceTree = "<group>";
		};
/* End PBXVariantGroup section */

/* Begin XCBuildConfiguration section */
		42FDE34B19FC5779006A4FA2 /* Debug */ = {
			isa = XCBuildConfiguration;
			buildSettings = {
				ALWAYS_SEARCH_USER_PATHS = NO;
				CLANG_CXX_LANGUAGE_STANDARD = "gnu++0x";
				CLANG_CXX_LIBRARY = "libc++";
				CLANG_ENABLE_MODULES = YES;
				CLANG_ENABLE_OBJC_ARC = YES;
				CLANG_WARN_BOOL_CONVERSION = YES;
				CLANG_WARN_CONSTANT_CONVERSION = YES;
				CLANG_WARN_DIRECT_OBJC_ISA_USAGE = YES_ERROR;
				CLANG_WARN_EMPTY_BODY = YES;
				CLANG_WARN_ENUM_CONVERSION = YES;
				CLANG_WARN_INT_CONVERSION = YES;
				CLANG_WARN_OBJC_ROOT_CLASS = YES_ERROR;
				CLANG_WARN_UNREACHABLE_CODE = YES;
				CLANG_WARN__DUPLICATE_METHOD_MATCH = YES;
				"CODE_SIGN_IDENTITY[sdk=iphoneos*]" = "iPhone Developer";
				COPY_PHASE_STRIP = NO;
				ENABLE_STRICT_OBJC_MSGSEND = YES;
				GCC_C_LANGUAGE_STANDARD = gnu99;
				GCC_DYNAMIC_NO_PIC = NO;
				GCC_OPTIMIZATION_LEVEL = 0;
				GCC_PREPROCESSOR_DEFINITIONS = (
					"DEBUG=1",
					"$(inherited)",
				);
				GCC_SYMBOLS_PRIVATE_EXTERN = NO;
				GCC_WARN_64_TO_32_BIT_CONVERSION = YES;
				GCC_WARN_ABOUT_RETURN_TYPE = YES_ERROR;
				GCC_WARN_UNDECLARED_SELECTOR = YES;
				GCC_WARN_UNINITIALIZED_AUTOS = YES_AGGRESSIVE;
				GCC_WARN_UNUSED_FUNCTION = YES;
				GCC_WARN_UNUSED_VARIABLE = YES;
				IPHONEOS_DEPLOYMENT_TARGET = 8.0;
				MTL_ENABLE_DEBUG_INFO = YES;
				ONLY_ACTIVE_ARCH = YES;
				SDKROOT = iphoneos;
			};
			name = Debug;
		};
		42FDE34C19FC5779006A4FA2 /* Release */ = {
			isa = XCBuildConfiguration;
			buildSettings = {
				ALWAYS_SEARCH_USER_PATHS = NO;
				CLANG_CXX_LANGUAGE_STANDARD = "gnu++0x";
				CLANG_CXX_LIBRARY = "libc++";
				CLANG_ENABLE_MODULES = YES;
				CLANG_ENABLE_OBJC_ARC = YES;
				CLANG_WARN_BOOL_CONVERSION = YES;
				CLANG_WARN_CONSTANT_CONVERSION = YES;
				CLANG_WARN_DIRECT_OBJC_ISA_USAGE = YES_ERROR;
				CLANG_WARN_EMPTY_BODY = YES;
				CLANG_WARN_ENUM_CONVERSION = YES;
				CLANG_WARN_INT_CONVERSION = YES;
				CLANG_WARN_OBJC_ROOT_CLASS = YES_ERROR;
				CLANG_WARN_UNREACHABLE_CODE = YES;
				CLANG_WARN__DUPLICATE_METHOD_MATCH = YES;
				"CODE_SIGN_IDENTITY[sdk=iphoneos*]" = "iPhone Developer";
				COPY_PHASE_STRIP = YES;
				ENABLE_NS_ASSERTIONS = NO;
				ENABLE_STRICT_OBJC_MSGSEND = YES;
				GCC_C_LANGUAGE_STANDARD = gnu99;
				GCC_WARN_64_TO_32_BIT_CONVERSION = YES;
				GCC_WARN_ABOUT_RETURN_TYPE = YES_ERROR;
				GCC_WARN_UNDECLARED_SELECTOR = YES;
				GCC_WARN_UNINITIALIZED_AUTOS = YES_AGGRESSIVE;
				GCC_WARN_UNUSED_FUNCTION = YES;
				GCC_WARN_UNUSED_VARIABLE = YES;
				IPHONEOS_DEPLOYMENT_TARGET = 8.0;
				MTL_ENABLE_DEBUG_INFO = NO;
				SDKROOT = iphoneos;
				VALIDATE_PRODUCT = YES;
			};
			name = Release;
		};
		42FDE34E19FC5779006A4FA2 /* Debug */ = {
			isa = XCBuildConfiguration;
			buildSettings = {
				ASSETCATALOG_COMPILER_APPICON_NAME = AppIcon;
				CODE_SIGN_IDENTITY = "iPhone Developer";
				"CODE_SIGN_IDENTITY[sdk=iphoneos*]" = "iPhone Developer";
				FRAMEWORK_SEARCH_PATHS = (
					"$(inherited)",
					"/Users/chriswong/Downloads/parse-library-1.4.2",
					"$(PROJECT_DIR)",
				);
				INFOPLIST_FILE = GPSTracker/Info.plist;
				IPHONEOS_DEPLOYMENT_TARGET = 8.0;
				LD_RUNPATH_SEARCH_PATHS = "$(inherited) @executable_path/Frameworks";
				PRODUCT_NAME = "$(TARGET_NAME)";
				PROVISIONING_PROFILE = "";
			};
			name = Debug;
		};
		42FDE34F19FC5779006A4FA2 /* Release */ = {
			isa = XCBuildConfiguration;
			buildSettings = {
				ASSETCATALOG_COMPILER_APPICON_NAME = AppIcon;
				CODE_SIGN_IDENTITY = "iPhone Developer";
				"CODE_SIGN_IDENTITY[sdk=iphoneos*]" = "iPhone Developer";
				FRAMEWORK_SEARCH_PATHS = (
					"$(inherited)",
					"/Users/chriswong/Downloads/parse-library-1.4.2",
					"$(PROJECT_DIR)",
				);
				INFOPLIST_FILE = GPSTracker/Info.plist;
				IPHONEOS_DEPLOYMENT_TARGET = 8.0;
				LD_RUNPATH_SEARCH_PATHS = "$(inherited) @executable_path/Frameworks";
				PRODUCT_NAME = "$(TARGET_NAME)";
				PROVISIONING_PROFILE = "";
			};
			name = Release;
		};
		42FDE35119FC5779006A4FA2 /* Debug */ = {
			isa = XCBuildConfiguration;
			buildSettings = {
				BUNDLE_LOADER = "$(TEST_HOST)";
				FRAMEWORK_SEARCH_PATHS = (
					"$(SDKROOT)/Developer/Library/Frameworks",
					"$(inherited)",
				);
				GCC_PREPROCESSOR_DEFINITIONS = (
					"DEBUG=1",
					"$(inherited)",
				);
				INFOPLIST_FILE = GPSTrackerTests/Info.plist;
				LD_RUNPATH_SEARCH_PATHS = "$(inherited) @executable_path/Frameworks @loader_path/Frameworks";
				PRODUCT_NAME = "$(TARGET_NAME)";
				TEST_HOST = "$(BUILT_PRODUCTS_DIR)/GPSTracker.app/GPSTracker";
			};
			name = Debug;
		};
		42FDE35219FC5779006A4FA2 /* Release */ = {
			isa = XCBuildConfiguration;
			buildSettings = {
				BUNDLE_LOADER = "$(TEST_HOST)";
				FRAMEWORK_SEARCH_PATHS = (
					"$(SDKROOT)/Developer/Library/Frameworks",
					"$(inherited)",
				);
				INFOPLIST_FILE = GPSTrackerTests/Info.plist;
				LD_RUNPATH_SEARCH_PATHS = "$(inherited) @executable_path/Frameworks @loader_path/Frameworks";
				PRODUCT_NAME = "$(TARGET_NAME)";
				TEST_HOST = "$(BUILT_PRODUCTS_DIR)/GPSTracker.app/GPSTracker";
			};
			name = Release;
		};
/* End XCBuildConfiguration section */

/* Begin XCConfigurationList section */
		42FDE32519FC5779006A4FA2 /* Build configuration list for PBXProject "GPSTracker" */ = {
			isa = XCConfigurationList;
			buildConfigurations = (
				42FDE34B19FC5779006A4FA2 /* Debug */,
				42FDE34C19FC5779006A4FA2 /* Release */,
			);
			defaultConfigurationIsVisible = 0;
			defaultConfigurationName = Release;
		};
		42FDE34D19FC5779006A4FA2 /* Build configuration list for PBXNativeTarget "GPSTracker" */ = {
			isa = XCConfigurationList;
			buildConfigurations = (
				42FDE34E19FC5779006A4FA2 /* Debug */,
				42FDE34F19FC5779006A4FA2 /* Release */,
			);
			defaultConfigurationIsVisible = 0;
			defaultConfigurationName = Release;
		};
		42FDE35019FC5779006A4FA2 /* Build configuration list for PBXNativeTarget "GPSTrackerTests" */ = {
			isa = XCConfigurationList;
			buildConfigurations = (
				42FDE35119FC5779006A4FA2 /* Debug */,
				42FDE35219FC5779006A4FA2 /* Release */,
			);
			defaultConfigurationIsVisible = 0;
			defaultConfigurationName = Release;
		};
/* End XCConfigurationList section */
	};
	rootObject = 42FDE32219FC5779006A4FA2 /* Project object */;
}
